{
  "version": 1,
  "dependencies": {
    "net9.0": {
      "Google.Cloud.BigQuery.V2": {
        "type": "Direct",
        "requested": "[3.4.0, )",
        "resolved": "3.4.0",
        "contentHash": "gOwkXlurfa+bjVGHfX43cHj4qkS+5QYOaj17zqecPPk2eLqvaIpVIEDxoJf2Fbe9bveGwTxMY3C+vtTUyNVPug==",
        "dependencies": {
          "Google.Api.Gax.Rest": "[4.4.0, 5.0.0)",
          "Google.Apis.Bigquery.v2": "[1.60.0.2949, 2.0.0)"
        }
      },
      "Google.Cloud.Storage.V1": {
        "type": "Direct",
        "requested": "[4.6.0, )",
        "resolved": "4.6.0",
        "contentHash": "pNV9H+LElfumLs7k8GDf8vltQ+fpq59oklCncBu5FPTzmwNGryT3VMaTU8+xV3VnWN44vNyPYz1tiOiF0F/5Xw==",
        "dependencies": {
          "Google.Api.Gax.Rest": "[4.4.0, 5.0.0)",
          "Google.Apis.Storage.v1": "[1.60.0.2981, 2.0.0)"
        }
      },
      "Newtonsoft.Json": {
        "type": "Direct",
        "requested": "[13.0.3, )",
        "resolved": "13.0.3",
        "contentHash": "HrC5BXdl00IP9zeV+0Z848QWPAoCr9P3bDEZguI+gkLcBKAOxix/tLEAAHC+UvDNPv4a2d18lOReHMOagPa+zQ=="
      },
      "System.ComponentModel.Annotations": {
        "type": "Direct",
        "requested": "[5.0.0, )",
        "resolved": "5.0.0",
        "contentHash": "dMkqfy2el8A8/I76n2Hi1oBFEbG1SfxD2l5nhwXV3XjlnOmwxJlQbYpJH4W51odnU9sARCSAgv7S3CyAFMkpYg=="
      },
      "Google.Api.Gax": {
        "type": "Transitive",
        "resolved": "4.4.0",
        "contentHash": "vkqxzz54dRdl3uUmz0hOhMfR9EjGrWJI+SeOl3UC1Gr/mHfHOwYiRPnJbub+77/xS0lAJBs02iOh3ay9zgzW4Q==",
        "dependencies": {
          "Microsoft.Bcl.AsyncInterfaces": "6.0.0",
          "Newtonsoft.Json": "13.0.3"
        }
      },
      "Google.Api.Gax.Rest": {
        "type": "Transitive",
        "resolved": "4.4.0",
        "contentHash": "L4sJluVTLMy5cqFR439c2UNuWU20Wqh6yatY455rRwRlfdQlCc7Z4TdYphj2qH3cLo5NCPGQM37r/uQDLzF3eA==",
        "dependencies": {
          "Google.Api.Gax": "4.4.0",
          "Google.Apis.Auth": "[1.60.0, 2.0.0)",
          "Microsoft.Extensions.DependencyInjection.Abstractions": "6.0.0"
        }
      },
      "Google.Apis": {
        "type": "Transitive",
        "resolved": "1.60.0",
        "contentHash": "T8ojAsKlsMkt5nZhTQuocqHYzm/knVm8o2/JMm4louEjaKzT4x0FihoCIxCYSTRGWkYC27LPWspyG4p76+bMzA==",
        "dependencies": {
          "Google.Apis.Core": "1.60.0"
        }
      },
      "Google.Apis.Auth": {
        "type": "Transitive",
        "resolved": "1.60.0",
        "contentHash": "AUuWniIf2muns/9hesiF7yCKeQN+PbdTU864Rb2wDzW4xmepO6tEnoqREPeow95qIAgkOlL/byKeU65d3ox5Ng==",
        "dependencies": {
          "Google.Apis": "1.60.0",
          "Google.Apis.Core": "1.60.0"
        }
      },
      "Google.Apis.Bigquery.v2": {
        "type": "Transitive",
        "resolved": "1.60.0.2949",
        "contentHash": "EMYFkwktkzHuOsqg0mVcSalnWu6TuxWvMtRbZCh/oBPcXhJcg9Gpi7+57AN/ijv4JKOkzOU9GCjdRnnpYz/tbw==",
        "dependencies": {
          "Google.Apis": "1.60.0",
          "Google.Apis.Auth": "1.60.0"
        }
      },
      "Google.Apis.Core": {
        "type": "Transitive",
        "resolved": "1.60.0",
        "contentHash": "NOkjqMQblYEZXt2OEgshWayveYW11Pi+Uz0I30Kzl9BvL4TZLJzMqtiu1EdV8XkyyjGuAUgANdi4BOqRDlbVEw==",
        "dependencies": {
          "Newtonsoft.Json": "13.0.2"
        }
      },
      "Google.Apis.Storage.v1": {
        "type": "Transitive",
        "resolved": "1.60.0.2981",
        "contentHash": "YcUvDcg0hV5hAFPYwLwg15pmObxjJEhH/9mkiNxpQ/vYfwPfIH/s2PeIEzdnDkQlE4kPyoJdA9cIYIXnC1s5Qg==",
        "dependencies": {
          "Google.Apis": "1.60.0",
          "Google.Apis.Auth": "1.60.0"
        }
      },
      "Microsoft.Bcl.AsyncInterfaces": {
        "type": "Transitive",
        "resolved": "6.0.0",
        "contentHash": "UcSjPsst+DfAdJGVDsu346FX0ci0ah+lw3WRtn18NUwEqRt70HaOQ7lI72vy3+1LxtqI3T5GWwV39rQSrCzAeg=="
      },
      "Microsoft.Extensions.DependencyInjection.Abstractions": {
        "type": "Transitive",
        "resolved": "6.0.0",
        "contentHash": "xlzi2IYREJH3/m6+lUrQlujzX8wDitm4QGnUu6kUXTQAWPuZY8i+ticFJbzfqaetLA6KR/rO6Ew/HuYD+bxifg=="
      }
    }
  }
}