{
  "name": "terraformRepo",
  "lockfileVersion": 3,
  "requires": true,
  "packages": {
    "": {
      "name": "terraformRepo",
      "dependencies": {
        "@dataform/core": "3.0.8"
      }
    },
    "node_modules/@dataform/core": {
      "version": "3.0.8",
      "resolved": "https://registry.npmjs.org/@dataform/core/-/core-3.0.8.tgz",
      "integrity": "sha512-tHA82saUMA9CNQCVBUZf8OTVSdnbLiMs/4eLpSVR37Zmxa66fVV//0Oiujd82JWxI2oAkQQQRWF82DPjCYHW2Q==",
      "license": "Apache-2.0"
    }
  }
}
